
Microsoft Visual Studio Solution File, Format Version 12.00
# Visual Studio Version 16
VisualStudioVersion = 16.0.29411.108
MinimumVisualStudioVersion = 10.0.40219.1
Project("{FAE04EC0-301F-11D3-BF4B-00C04F79EFBC}") = "Tak_wCUE_ToFlac", "Tak_wCUE_ToFlac.csproj", "{DD91550F-334B-4098-AE83-23EA64F18C2A}"
EndProject
Global
	GlobalSection(SolutionConfigurationPlatforms) = preSolution
		Debug|Any CPU = Debug|Any CPU
		Release|Any CPU = Release|Any CPU
	EndGlobalSection
	GlobalSection(ProjectConfigurationPlatforms) = postSolution
		{DD91550F-334B-4098-AE83-23EA64F18C2A}.Debug|Any CPU.ActiveCfg = Debug|Any CPU
		{DD91550F-334B-4098-AE83-23EA64F18C2A}.Debug|Any CPU.Build.0 = Debug|Any CPU
		{DD91550F-334B-4098-AE83-23EA64F18C2A}.Release|Any CPU.ActiveCfg = Release|Any CPU
		{DD91550F-334B-4098-AE83-23EA64F18C2A}.Release|Any CPU.Build.0 = Release|Any CPU
	EndGlobalSection
	GlobalSection(SolutionProperties) = preSolution
		HideSolutionNode = FALSE
	EndGlobalSection
	GlobalSection(ExtensibilityGlobals) = postSolution
		SolutionGuid = {730D9B94-5217-4BEB-B98F-9556C4A141D8}
	EndGlobalSection
EndGlobal
